
Microsoft Visual Studio Solution File, Format Version 12.00
# Visual Studio 15
VisualStudioVersion = 15.0.26228.4
MinimumVisualStudioVersion = 10.0.40219.1
Project("{FAE04EC0-301F-11D3-BF4B-00C04F79EFBC}") = "PortionCalculator", "PortionCalculator\PortionCalculator.csproj", "{689C01A5-0794-459A-B5AC-7646A7CB8FD5}"
EndProject
Global
	GlobalSection(SolutionConfigurationPlatforms) = preSolution
		Debug|Any CPU = Debug|Any CPU
		Release|Any CPU = Release|Any CPU
	EndGlobalSection
	GlobalSection(ProjectConfigurationPlatforms) = postSolution
		{689C01A5-0794-459A-B5AC-7646A7CB8FD5}.Debug|Any CPU.ActiveCfg = Debug|Any CPU
		{689C01A5-0794-459A-B5AC-7646A7CB8FD5}.Debug|Any CPU.Build.0 = Debug|Any CPU
		{689C01A5-0794-459A-B5AC-7646A7CB8FD5}.Release|Any CPU.ActiveCfg = Release|Any CPU
		{689C01A5-0794-459A-B5AC-7646A7CB8FD5}.Release|Any CPU.Build.0 = Release|Any CPU
	EndGlobalSection
	GlobalSection(SolutionProperties) = preSolution
		HideSolutionNode = FALSE
	EndGlobalSection
EndGlobal
